
Microsoft Visual Studio Solution File, Format Version 12.00
# Visual Studio 15
VisualStudioVersion = 15.0.28307.421
MinimumVisualStudioVersion = 10.0.40219.1
Project("{FAE04EC0-301F-11D3-BF4B-00C04F79EFBC}") = "HelloWorld", "HelloWorld.csproj", "{70AC5844-A596-4DF9-996F-AA8C1FF1527E}"
EndProject
Global
	GlobalSection(SolutionConfigurationPlatforms) = preSolution
		Debug|Any CPU = Debug|Any CPU
		Release|Any CPU = Release|Any CPU
	EndGlobalSection
	GlobalSection(ProjectConfigurationPlatforms) = postSolution
		{70AC5844-A596-4DF9-996F-AA8C1FF1527E}.Debug|Any CPU.ActiveCfg = Debug|Any CPU
		{70AC5844-A596-4DF9-996F-AA8C1FF1527E}.Debug|Any CPU.Build.0 = Debug|Any CPU
		{70AC5844-A596-4DF9-996F-AA8C1FF1527E}.Release|Any CPU.ActiveCfg = Release|Any CPU
		{70AC5844-A596-4DF9-996F-AA8C1FF1527E}.Release|Any CPU.Build.0 = Release|Any CPU
	EndGlobalSection
	GlobalSection(SolutionProperties) = preSolution
		HideSolutionNode = FALSE
	EndGlobalSection
	GlobalSection(ExtensibilityGlobals) = postSolution
		SolutionGuid = {0F2F6C81-0690-42C2-85FE-B3ECF7AD7171}
	EndGlobalSection
EndGlobal
