
Microsoft Visual Studio Solution File, Format Version 12.00
# Visual Studio 15
VisualStudioVersion = 15.0.28307.421
MinimumVisualStudioVersion = 10.0.40219.1
Project("{FAE04EC0-301F-11D3-BF4B-00C04F79EFBC}") = "SectionExam", "SectionExam.csproj", "{93D7B6CA-C979-4205-80C1-EE3115070585}"
EndProject
Global
	GlobalSection(SolutionConfigurationPlatforms) = preSolution
		Debug|Any CPU = Debug|Any CPU
		Release|Any CPU = Release|Any CPU
	EndGlobalSection
	GlobalSection(ProjectConfigurationPlatforms) = postSolution
		{93D7B6CA-C979-4205-80C1-EE3115070585}.Debug|Any CPU.ActiveCfg = Debug|Any CPU
		{93D7B6CA-C979-4205-80C1-EE3115070585}.Debug|Any CPU.Build.0 = Debug|Any CPU
		{93D7B6CA-C979-4205-80C1-EE3115070585}.Release|Any CPU.ActiveCfg = Release|Any CPU
		{93D7B6CA-C979-4205-80C1-EE3115070585}.Release|Any CPU.Build.0 = Release|Any CPU
	EndGlobalSection
	GlobalSection(SolutionProperties) = preSolution
		HideSolutionNode = FALSE
	EndGlobalSection
	GlobalSection(ExtensibilityGlobals) = postSolution
		SolutionGuid = {C8BC5087-1C29-4429-9564-6ECDC67C58C2}
	EndGlobalSection
EndGlobal
